
Microsoft Visual Studio Solution File, Format Version 12.00
# Visual Studio Version 17
VisualStudioVersion = 17.11.35222.181
MinimumVisualStudioVersion = 10.0.40219.1
Project("{2150E333-8FDC-42A3-9474-1A3956D46DE8}") = "Services", "Services", "{2D4B53AF-81D0-43E9-85A0-44BE863B6423}"
EndProject
Project("{2150E333-8FDC-42A3-9474-1A3956D46DE8}") = "Catalog", "Catalog", "{339A3E6A-5E0E-4E18-B245-5B452B8F9988}"
EndProject
Project("{9A19103F-16F7-4668-BE54-9A1E7A4F7556}") = "MultiShop.Catalog", "Services\Catalog\MultiShop.Catalog\MultiShop.Catalog.csproj", "{C7769A6F-9676-4249-B04B-BF3FCB82C921}"
EndProject
Project("{2150E333-8FDC-42A3-9474-1A3956D46DE8}") = "Discount", "Discount", "{D2B4C16E-83E4-4788-9219-99A4B219520B}"
EndProject
Project("{9A19103F-16F7-4668-BE54-9A1E7A4F7556}") = "MulthiShop.Discount", "Services\Discount\MulthiShop.Discount\MulthiShop.Discount.csproj", "{1E8EBC9E-ACD8-48FA-96D2-29DABC001BEA}"
EndProject
Project("{2150E333-8FDC-42A3-9474-1A3956D46DE8}") = "Order", "Order", "{3136BC5B-A037-437E-BAA9-C32934EF7EB3}"
EndProject
Project("{2150E333-8FDC-42A3-9474-1A3956D46DE8}") = "Core", "Core", "{494AE431-BA13-4489-963C-C35B23C765B7}"
EndProject
Project("{2150E333-8FDC-42A3-9474-1A3956D46DE8}") = "Presentation", "Presentation", "{9B4789F1-64A7-47FE-8345-65B14386F302}"
EndProject
Project("{9A19103F-16F7-4668-BE54-9A1E7A4F7556}") = "MultiShop.Order.Domain", "Services\Order\Core\MultiShop.Order.Domain\MultiShop.Order.Domain.csproj", "{7C3DC73F-FD72-4E2A-966D-51F1C913474B}"
EndProject
Project("{9A19103F-16F7-4668-BE54-9A1E7A4F7556}") = "MultiShop.Order.Application", "Services\Order\Core\MultiShop.Order.Application\MultiShop.Order.Application.csproj", "{0FCB2A34-D42C-4BF9-8964-69CE6E82F1D8}"
EndProject
Project("{2150E333-8FDC-42A3-9474-1A3956D46DE8}") = "Infrastructure", "Infrastructure", "{55404A39-B4E3-4D2A-B0C7-6C6C941C3D42}"
EndProject
Project("{9A19103F-16F7-4668-BE54-9A1E7A4F7556}") = "MultiShop.Order.WebApi", "Order\Presentation\MultiShop.Order.WebApi\MultiShop.Order.WebApi.csproj", "{354EFD53-9596-45BE-B298-ACD1B7991C51}"
EndProject
Project("{9A19103F-16F7-4668-BE54-9A1E7A4F7556}") = "MultiShop.Order.Persistence", "Services\Order\Infrastructure\MultiShop.Order.Persistence\MultiShop.Order.Persistence.csproj", "{878A3344-76D7-421C-B076-40DF75FEAD92}"
EndProject
Project("{2150E333-8FDC-42A3-9474-1A3956D46DE8}") = "IdentityServer", "IdentityServer", "{9A28BBFE-7C69-4CA7-B5C7-D77EA9E24ED6}"
EndProject
Project("{9A19103F-16F7-4668-BE54-9A1E7A4F7556}") = "MultiShop.IdentityServer", "IdentityServer\MultiSHOP.IdentityServer\MultiShop.IdentityServer.csproj", "{6C4872B0-5EE0-4F00-B8CF-2F4088720B41}"
EndProject
Project("{2150E333-8FDC-42A3-9474-1A3956D46DE8}") = "Requirement", "Requirement", "{BED550D3-40F7-4241-843D-CE211F255ABA}"
	ProjectSection(SolutionItems) = preProject
		PortainerCmd.txt = PortainerCmd.txt
		PortNumbers.txt = PortNumbers.txt
	EndProjectSection
EndProject
Project("{2150E333-8FDC-42A3-9474-1A3956D46DE8}") = "Cargo", "Cargo", "{6796E3C9-23ED-404E-B959-3629F247228B}"
EndProject
Project("{9A19103F-16F7-4668-BE54-9A1E7A4F7556}") = "MultiShop.Cargo.EntityLayer", "Services\Cargo\MultiShop.Cargo.EntityLayer\MultiShop.Cargo.EntityLayer.csproj", "{CD1F197B-BB01-4719-8763-1B48210BA523}"
EndProject
Project("{9A19103F-16F7-4668-BE54-9A1E7A4F7556}") = "MultiShop.Cargo.BusinessLayer", "Services\Cargo\MultiShop.Cargo.BusinessLayer\MultiShop.Cargo.BusinessLayer.csproj", "{401F60CF-EEBE-49C6-BB9A-1D4F27960744}"
EndProject
Project("{9A19103F-16F7-4668-BE54-9A1E7A4F7556}") = "MultiShop.Cargo.DataAccessLayer", "Services\Cargo\MultiShop.Cargo.DataAccessLayer\MultiShop.Cargo.DataAccessLayer.csproj", "{6C7052C5-51AD-4569-83FA-C1BDCE4D1043}"
EndProject
Project("{9A19103F-16F7-4668-BE54-9A1E7A4F7556}") = "MultiShop.Cargo.DtoLayer", "Services\Cargo\MultiShop.Cargo.DtoLayer\MultiShop.Cargo.DtoLayer.csproj", "{BA9E38B9-4A15-4F2E-AD4D-015365DA1D93}"
EndProject
Project("{9A19103F-16F7-4668-BE54-9A1E7A4F7556}") = "MultiShop.Cargo.WebApi", "Services\Cargo\MultiShop.Cargo.WebApi\MultiShop.Cargo.WebApi.csproj", "{F159C810-C98A-4276-8046-9383052AF64A}"
EndProject
Global
	GlobalSection(SolutionConfigurationPlatforms) = preSolution
		Debug|Any CPU = Debug|Any CPU
		Release|Any CPU = Release|Any CPU
	EndGlobalSection
	GlobalSection(ProjectConfigurationPlatforms) = postSolution
		{C7769A6F-9676-4249-B04B-BF3FCB82C921}.Debug|Any CPU.ActiveCfg = Debug|Any CPU
		{C7769A6F-9676-4249-B04B-BF3FCB82C921}.Debug|Any CPU.Build.0 = Debug|Any CPU
		{C7769A6F-9676-4249-B04B-BF3FCB82C921}.Release|Any CPU.ActiveCfg = Release|Any CPU
		{C7769A6F-9676-4249-B04B-BF3FCB82C921}.Release|Any CPU.Build.0 = Release|Any CPU
		{1E8EBC9E-ACD8-48FA-96D2-29DABC001BEA}.Debug|Any CPU.ActiveCfg = Debug|Any CPU
		{1E8EBC9E-ACD8-48FA-96D2-29DABC001BEA}.Debug|Any CPU.Build.0 = Debug|Any CPU
		{1E8EBC9E-ACD8-48FA-96D2-29DABC001BEA}.Release|Any CPU.ActiveCfg = Release|Any CPU
		{1E8EBC9E-ACD8-48FA-96D2-29DABC001BEA}.Release|Any CPU.Build.0 = Release|Any CPU
		{7C3DC73F-FD72-4E2A-966D-51F1C913474B}.Debug|Any CPU.ActiveCfg = Debug|Any CPU
		{7C3DC73F-FD72-4E2A-966D-51F1C913474B}.Debug|Any CPU.Build.0 = Debug|Any CPU
		{7C3DC73F-FD72-4E2A-966D-51F1C913474B}.Release|Any CPU.ActiveCfg = Release|Any CPU
		{7C3DC73F-FD72-4E2A-966D-51F1C913474B}.Release|Any CPU.Build.0 = Release|Any CPU
		{0FCB2A34-D42C-4BF9-8964-69CE6E82F1D8}.Debug|Any CPU.ActiveCfg = Debug|Any CPU
		{0FCB2A34-D42C-4BF9-8964-69CE6E82F1D8}.Debug|Any CPU.Build.0 = Debug|Any CPU
		{0FCB2A34-D42C-4BF9-8964-69CE6E82F1D8}.Release|Any CPU.ActiveCfg = Release|Any CPU
		{0FCB2A34-D42C-4BF9-8964-69CE6E82F1D8}.Release|Any CPU.Build.0 = Release|Any CPU
		{354EFD53-9596-45BE-B298-ACD1B7991C51}.Debug|Any CPU.ActiveCfg = Debug|Any CPU
		{354EFD53-9596-45BE-B298-ACD1B7991C51}.Debug|Any CPU.Build.0 = Debug|Any CPU
		{354EFD53-9596-45BE-B298-ACD1B7991C51}.Release|Any CPU.ActiveCfg = Release|Any CPU
		{354EFD53-9596-45BE-B298-ACD1B7991C51}.Release|Any CPU.Build.0 = Release|Any CPU
		{878A3344-76D7-421C-B076-40DF75FEAD92}.Debug|Any CPU.ActiveCfg = Debug|Any CPU
		{878A3344-76D7-421C-B076-40DF75FEAD92}.Debug|Any CPU.Build.0 = Debug|Any CPU
		{878A3344-76D7-421C-B076-40DF75FEAD92}.Release|Any CPU.ActiveCfg = Release|Any CPU
		{878A3344-76D7-421C-B076-40DF75FEAD92}.Release|Any CPU.Build.0 = Release|Any CPU
		{6C4872B0-5EE0-4F00-B8CF-2F4088720B41}.Debug|Any CPU.ActiveCfg = Debug|Any CPU
		{6C4872B0-5EE0-4F00-B8CF-2F4088720B41}.Debug|Any CPU.Build.0 = Debug|Any CPU
		{6C4872B0-5EE0-4F00-B8CF-2F4088720B41}.Release|Any CPU.ActiveCfg = Release|Any CPU
		{6C4872B0-5EE0-4F00-B8CF-2F4088720B41}.Release|Any CPU.Build.0 = Release|Any CPU
		{CD1F197B-BB01-4719-8763-1B48210BA523}.Debug|Any CPU.ActiveCfg = Debug|Any CPU
		{CD1F197B-BB01-4719-8763-1B48210BA523}.Debug|Any CPU.Build.0 = Debug|Any CPU
		{CD1F197B-BB01-4719-8763-1B48210BA523}.Release|Any CPU.ActiveCfg = Release|Any CPU
		{CD1F197B-BB01-4719-8763-1B48210BA523}.Release|Any CPU.Build.0 = Release|Any CPU
		{401F60CF-EEBE-49C6-BB9A-1D4F27960744}.Debug|Any CPU.ActiveCfg = Debug|Any CPU
		{401F60CF-EEBE-49C6-BB9A-1D4F27960744}.Debug|Any CPU.Build.0 = Debug|Any CPU
		{401F60CF-EEBE-49C6-BB9A-1D4F27960744}.Release|Any CPU.ActiveCfg = Release|Any CPU
		{401F60CF-EEBE-49C6-BB9A-1D4F27960744}.Release|Any CPU.Build.0 = Release|Any CPU
		{6C7052C5-51AD-4569-83FA-C1BDCE4D1043}.Debug|Any CPU.ActiveCfg = Debug|Any CPU
		{6C7052C5-51AD-4569-83FA-C1BDCE4D1043}.Debug|Any CPU.Build.0 = Debug|Any CPU
		{6C7052C5-51AD-4569-83FA-C1BDCE4D1043}.Release|Any CPU.ActiveCfg = Release|Any CPU
		{6C7052C5-51AD-4569-83FA-C1BDCE4D1043}.Release|Any CPU.Build.0 = Release|Any CPU
		{BA9E38B9-4A15-4F2E-AD4D-015365DA1D93}.Debug|Any CPU.ActiveCfg = Debug|Any CPU
		{BA9E38B9-4A15-4F2E-AD4D-015365DA1D93}.Debug|Any CPU.Build.0 = Debug|Any CPU
		{BA9E38B9-4A15-4F2E-AD4D-015365DA1D93}.Release|Any CPU.ActiveCfg = Release|Any CPU
		{BA9E38B9-4A15-4F2E-AD4D-015365DA1D93}.Release|Any CPU.Build.0 = Release|Any CPU
		{F159C810-C98A-4276-8046-9383052AF64A}.Debug|Any CPU.ActiveCfg = Debug|Any CPU
		{F159C810-C98A-4276-8046-9383052AF64A}.Debug|Any CPU.Build.0 = Debug|Any CPU
		{F159C810-C98A-4276-8046-9383052AF64A}.Release|Any CPU.ActiveCfg = Release|Any CPU
		{F159C810-C98A-4276-8046-9383052AF64A}.Release|Any CPU.Build.0 = Release|Any CPU
	EndGlobalSection
	GlobalSection(SolutionProperties) = preSolution
		HideSolutionNode = FALSE
	EndGlobalSection
	GlobalSection(NestedProjects) = preSolution
		{339A3E6A-5E0E-4E18-B245-5B452B8F9988} = {2D4B53AF-81D0-43E9-85A0-44BE863B6423}
		{C7769A6F-9676-4249-B04B-BF3FCB82C921} = {339A3E6A-5E0E-4E18-B245-5B452B8F9988}
		{D2B4C16E-83E4-4788-9219-99A4B219520B} = {2D4B53AF-81D0-43E9-85A0-44BE863B6423}
		{1E8EBC9E-ACD8-48FA-96D2-29DABC001BEA} = {D2B4C16E-83E4-4788-9219-99A4B219520B}
		{3136BC5B-A037-437E-BAA9-C32934EF7EB3} = {2D4B53AF-81D0-43E9-85A0-44BE863B6423}
		{494AE431-BA13-4489-963C-C35B23C765B7} = {3136BC5B-A037-437E-BAA9-C32934EF7EB3}
		{9B4789F1-64A7-47FE-8345-65B14386F302} = {3136BC5B-A037-437E-BAA9-C32934EF7EB3}
		{7C3DC73F-FD72-4E2A-966D-51F1C913474B} = {494AE431-BA13-4489-963C-C35B23C765B7}
		{0FCB2A34-D42C-4BF9-8964-69CE6E82F1D8} = {494AE431-BA13-4489-963C-C35B23C765B7}
		{55404A39-B4E3-4D2A-B0C7-6C6C941C3D42} = {3136BC5B-A037-437E-BAA9-C32934EF7EB3}
		{354EFD53-9596-45BE-B298-ACD1B7991C51} = {9B4789F1-64A7-47FE-8345-65B14386F302}
		{878A3344-76D7-421C-B076-40DF75FEAD92} = {55404A39-B4E3-4D2A-B0C7-6C6C941C3D42}
		{6C4872B0-5EE0-4F00-B8CF-2F4088720B41} = {9A28BBFE-7C69-4CA7-B5C7-D77EA9E24ED6}
		{6796E3C9-23ED-404E-B959-3629F247228B} = {2D4B53AF-81D0-43E9-85A0-44BE863B6423}
		{CD1F197B-BB01-4719-8763-1B48210BA523} = {6796E3C9-23ED-404E-B959-3629F247228B}
		{401F60CF-EEBE-49C6-BB9A-1D4F27960744} = {6796E3C9-23ED-404E-B959-3629F247228B}
		{6C7052C5-51AD-4569-83FA-C1BDCE4D1043} = {6796E3C9-23ED-404E-B959-3629F247228B}
		{BA9E38B9-4A15-4F2E-AD4D-015365DA1D93} = {6796E3C9-23ED-404E-B959-3629F247228B}
		{F159C810-C98A-4276-8046-9383052AF64A} = {6796E3C9-23ED-404E-B959-3629F247228B}
	EndGlobalSection
	GlobalSection(ExtensibilityGlobals) = postSolution
		SolutionGuid = {CA6DCE55-CF10-4CD7-BFE1-51626238566B}
	EndGlobalSection
EndGlobal
