
Microsoft Visual Studio Solution File, Format Version 12.00
# Visual Studio Version 17
VisualStudioVersion = 17.11.35222.181
MinimumVisualStudioVersion = 10.0.40219.1
Project("{2150E333-8FDC-42A3-9474-1A3956D46DE8}") = "Services", "Services", "{2D4B53AF-81D0-43E9-85A0-44BE863B6423}"
EndProject
Project("{2150E333-8FDC-42A3-9474-1A3956D46DE8}") = "Catalog", "Catalog", "{339A3E6A-5E0E-4E18-B245-5B452B8F9988}"
EndProject
Project("{9A19103F-16F7-4668-BE54-9A1E7A4F7556}") = "MultiShop.Catalog", "Services\Catalog\MultiShop.Catalog\MultiShop.Catalog.csproj", "{C7769A6F-9676-4249-B04B-BF3FCB82C921}"
EndProject
Global
	GlobalSection(SolutionConfigurationPlatforms) = preSolution
		Debug|Any CPU = Debug|Any CPU
		Release|Any CPU = Release|Any CPU
	EndGlobalSection
	GlobalSection(ProjectConfigurationPlatforms) = postSolution
		{C7769A6F-9676-4249-B04B-BF3FCB82C921}.Debug|Any CPU.ActiveCfg = Debug|Any CPU
		{C7769A6F-9676-4249-B04B-BF3FCB82C921}.Debug|Any CPU.Build.0 = Debug|Any CPU
		{C7769A6F-9676-4249-B04B-BF3FCB82C921}.Release|Any CPU.ActiveCfg = Release|Any CPU
		{C7769A6F-9676-4249-B04B-BF3FCB82C921}.Release|Any CPU.Build.0 = Release|Any CPU
	EndGlobalSection
	GlobalSection(SolutionProperties) = preSolution
		HideSolutionNode = FALSE
	EndGlobalSection
	GlobalSection(NestedProjects) = preSolution
		{339A3E6A-5E0E-4E18-B245-5B452B8F9988} = {2D4B53AF-81D0-43E9-85A0-44BE863B6423}
		{C7769A6F-9676-4249-B04B-BF3FCB82C921} = {339A3E6A-5E0E-4E18-B245-5B452B8F9988}
	EndGlobalSection
	GlobalSection(ExtensibilityGlobals) = postSolution
		SolutionGuid = {CA6DCE55-CF10-4CD7-BFE1-51626238566B}
	EndGlobalSection
EndGlobal
